// !$*UTF8*$!
{
	archiveVersion = 1;
	classes = {
	};
	objectVersion = 51;
	objects = {

/* Begin PBXBuildFile section */
		35339BE528C7DCCB00F72A87 /* SignUpPage.swift in Sources */ = {isa = PBXBuildFile; fileRef = 35339BE428C7DCCA00F72A87 /* SignUpPage.swift */; };
		35339BE728C7E22E00F72A87 /* Helpers in Resources */ = {isa = PBXBuildFile; fileRef = 35339BE628C7E22E00F72A87 /* Helpers */; };
		35339BE928C7E23C00F72A87 /* Utilities.swift in Sources */ = {isa = PBXBuildFile; fileRef = 35339BE828C7E23C00F72A87 /* Utilities.swift */; };
		35339BEB28C7E24400F72A87 /* Constants.swift in Sources */ = {isa = PBXBuildFile; fileRef = 35339BEA28C7E24400F72A87 /* Constants.swift */; };
		35339BED28C7EC6900F72A87 /* LoginSignUpPage.swift in Sources */ = {isa = PBXBuildFile; fileRef = 35339BEC28C7EC6900F72A87 /* LoginSignUpPage.swift */; };
		35339BEF28C8005F00F72A87 /* GoogleService-Info.plist in Resources */ = {isa = PBXBuildFile; fileRef = 35339BEE28C8005F00F72A87 /* GoogleService-Info.plist */; };
		35339BF128C8036400F72A87 /* HomeTabBar.swift in Sources */ = {isa = PBXBuildFile; fileRef = 35339BF028C8036400F72A87 /* HomeTabBar.swift */; };
		35339BF328C8E51600F72A87 /* SideMenuTVCell.swift in Sources */ = {isa = PBXBuildFile; fileRef = 35339BF228C8E51500F72A87 /* SideMenuTVCell.swift */; };
		35339BF528C8F06400F72A87 /* ProfilePage.swift in Sources */ = {isa = PBXBuildFile; fileRef = 35339BF428C8F06400F72A87 /* ProfilePage.swift */; };
		35339BF728C91C1E00F72A87 /* BookingAppointmentsPage.swift in Sources */ = {isa = PBXBuildFile; fileRef = 35339BF628C91C1C00F72A87 /* BookingAppointmentsPage.swift */; };
		35339BF928CA3C0F00F72A87 /* users.swift in Sources */ = {isa = PBXBuildFile; fileRef = 35339BF828CA3C0F00F72A87 /* users.swift */; };
		35339BFB28CA4B8500F72A87 /* SettingPage.swift in Sources */ = {isa = PBXBuildFile; fileRef = 35339BFA28CA4B8500F72A87 /* SettingPage.swift */; };
		35339BFE28CE6D0100F72A87 /* DentistryTableView.swift in Sources */ = {isa = PBXBuildFile; fileRef = 35339BFD28CE6D0100F72A87 /* DentistryTableView.swift */; };
		35339C0128CE6F4500F72A87 /* DentistryTVCell.swift in Sources */ = {isa = PBXBuildFile; fileRef = 35339C0028CE6F4500F72A87 /* DentistryTVCell.swift */; };
		35339C0328CE92C600F72A87 /* NephrologyTableView.swift in Sources */ = {isa = PBXBuildFile; fileRef = 35339C0228CE92C600F72A87 /* NephrologyTableView.swift */; };
		35339C0528CE93BC00F72A87 /* NerphologyTVCell.swift in Sources */ = {isa = PBXBuildFile; fileRef = 35339C0428CE93BC00F72A87 /* NerphologyTVCell.swift */; };
		35339C0728CEA04900F72A87 /* AppointmentTVCell.swift in Sources */ = {isa = PBXBuildFile; fileRef = 35339C0628CEA04900F72A87 /* AppointmentTVCell.swift */; };
		35A2547F28B64E6A00C2FBB6 /* AppDelegate.swift in Sources */ = {isa = PBXBuildFile; fileRef = 35A2547E28B64E6A00C2FBB6 /* AppDelegate.swift */; };
		35A2548128B64E6A00C2FBB6 /* SceneDelegate.swift in Sources */ = {isa = PBXBuildFile; fileRef = 35A2548028B64E6A00C2FBB6 /* SceneDelegate.swift */; };
		35A2548328B64E6A00C2FBB6 /* ViewController.swift in Sources */ = {isa = PBXBuildFile; fileRef = 35A2548228B64E6A00C2FBB6 /* ViewController.swift */; };
		35A2548628B64E6A00C2FBB6 /* Main.storyboard in Resources */ = {isa = PBXBuildFile; fileRef = 35A2548428B64E6A00C2FBB6 /* Main.storyboard */; };
		35A2548828B64E6B00C2FBB6 /* Assets.xcassets in Resources */ = {isa = PBXBuildFile; fileRef = 35A2548728B64E6B00C2FBB6 /* Assets.xcassets */; };
		35A2548B28B64E6B00C2FBB6 /* LaunchScreen.storyboard in Resources */ = {isa = PBXBuildFile; fileRef = 35A2548928B64E6B00C2FBB6 /* LaunchScreen.storyboard */; };
		35A2549328B6539400C2FBB6 /* HomePage.swift in Sources */ = {isa = PBXBuildFile; fileRef = 35A2549228B6539400C2FBB6 /* HomePage.swift */; };
		35A2549528B653C400C2FBB6 /* HealthCarePage.swift in Sources */ = {isa = PBXBuildFile; fileRef = 35A2549428B653C400C2FBB6 /* HealthCarePage.swift */; };
		35A2549728B653EA00C2FBB6 /* AppointmentsPage.swift in Sources */ = {isa = PBXBuildFile; fileRef = 35A2549628B653EA00C2FBB6 /* AppointmentsPage.swift */; };
		35A2549928B6540D00C2FBB6 /* FavoritesPage.swift in Sources */ = {isa = PBXBuildFile; fileRef = 35A2549828B6540D00C2FBB6 /* FavoritesPage.swift */; };
		35A2549B28B656C900C2FBB6 /* ClinicsCollectionViewCell.swift in Sources */ = {isa = PBXBuildFile; fileRef = 35A2549A28B656C900C2FBB6 /* ClinicsCollectionViewCell.swift */; };
		35A2549E28B78EBA00C2FBB6 /* ClinicsTableView.swift in Sources */ = {isa = PBXBuildFile; fileRef = 35A2549D28B78EBA00C2FBB6 /* ClinicsTableView.swift */; };
		35A728FD28BBB97500A76795 /* ClinicsTableViewNew.swift in Sources */ = {isa = PBXBuildFile; fileRef = 35A728FC28BBB97500A76795 /* ClinicsTableViewNew.swift */; };
		35A728FF28BBB9BC00A76795 /* ClinicsTableViewCellNew.swift in Sources */ = {isa = PBXBuildFile; fileRef = 35A728FE28BBB9BC00A76795 /* ClinicsTableViewCellNew.swift */; };
		35A7290328BCF2A700A76795 /* TopCollectionViewCellHomePage.swift in Sources */ = {isa = PBXBuildFile; fileRef = 35A7290228BCF2A700A76795 /* TopCollectionViewCellHomePage.swift */; };
		35A7290728BD326D00A76795 /* ClinicsCvHeader.swift in Sources */ = {isa = PBXBuildFile; fileRef = 35A7290628BD326D00A76795 /* ClinicsCvHeader.swift */; };
		35FDB8F728BE5C4F001F7231 /* MapVC.swift in Sources */ = {isa = PBXBuildFile; fileRef = 35FDB8F628BE5C4F001F7231 /* MapVC.swift */; };
		A8E0563F82F0F91D6B49BD96 /* Pods_Clinica.framework in Frameworks */ = {isa = PBXBuildFile; fileRef = 157748DFA0AD46134DA0370D /* Pods_Clinica.framework */; };
/* End PBXBuildFile section */

/* Begin PBXFileReference section */
		157748DFA0AD46134DA0370D /* Pods_Clinica.framework */ = {isa = PBXFileReference; explicitFileType = wrapper.framework; includeInIndex = 0; path = Pods_Clinica.framework; sourceTree = BUILT_PRODUCTS_DIR; };
		27B1C4CC7C0D8EAEFFFBF8CC /* Pods-Clinica.release.xcconfig */ = {isa = PBXFileReference; includeInIndex = 1; lastKnownFileType = text.xcconfig; name = "Pods-Clinica.release.xcconfig"; path = "Target Support Files/Pods-Clinica/Pods-Clinica.release.xcconfig"; sourceTree = "<group>"; };
		2A66828FCC93048D5B5B1FE6 /* Pods-Clinica.debug.xcconfig */ = {isa = PBXFileReference; includeInIndex = 1; lastKnownFileType = text.xcconfig; name = "Pods-Clinica.debug.xcconfig"; path = "Target Support Files/Pods-Clinica/Pods-Clinica.debug.xcconfig"; sourceTree = "<group>"; };
		35339BE428C7DCCA00F72A87 /* SignUpPage.swift */ = {isa = PBXFileReference; lastKnownFileType = sourcecode.swift; path = SignUpPage.swift; sourceTree = "<group>"; };
		35339BE628C7E22E00F72A87 /* Helpers */ = {isa = PBXFileReference; lastKnownFileType = folder; path = Helpers; sourceTree = "<group>"; };
		35339BE828C7E23C00F72A87 /* Utilities.swift */ = {isa = PBXFileReference; fileEncoding = 4; lastKnownFileType = sourcecode.swift; path = Utilities.swift; sourceTree = "<group>"; };
		35339BEA28C7E24400F72A87 /* Constants.swift */ = {isa = PBXFileReference; fileEncoding = 4; lastKnownFileType = sourcecode.swift; path = Constants.swift; sourceTree = "<group>"; };
		35339BEC28C7EC6900F72A87 /* LoginSignUpPage.swift */ = {isa = PBXFileReference; lastKnownFileType = sourcecode.swift; path = LoginSignUpPage.swift; sourceTree = "<group>"; };
		35339BEE28C8005F00F72A87 /* GoogleService-Info.plist */ = {isa = PBXFileReference; fileEncoding = 4; lastKnownFileType = text.plist.xml; name = "GoogleService-Info.plist"; path = "../../../Downloads/GoogleService-Info.plist"; sourceTree = "<group>"; };
		35339BF028C8036400F72A87 /* HomeTabBar.swift */ = {isa = PBXFileReference; lastKnownFileType = sourcecode.swift; path = HomeTabBar.swift; sourceTree = "<group>"; };
		35339BF228C8E51500F72A87 /* SideMenuTVCell.swift */ = {isa = PBXFileReference; lastKnownFileType = sourcecode.swift; path = SideMenuTVCell.swift; sourceTree = "<group>"; };
		35339BF428C8F06400F72A87 /* ProfilePage.swift */ = {isa = PBXFileReference; lastKnownFileType = sourcecode.swift; path = ProfilePage.swift; sourceTree = "<group>"; };
		35339BF628C91C1C00F72A87 /* BookingAppointmentsPage.swift */ = {isa = PBXFileReference; lastKnownFileType = sourcecode.swift; path = BookingAppointmentsPage.swift; sourceTree = "<group>"; };
		35339BF828CA3C0F00F72A87 /* users.swift */ = {isa = PBXFileReference; lastKnownFileType = sourcecode.swift; path = users.swift; sourceTree = "<group>"; };
		35339BFA28CA4B8500F72A87 /* SettingPage.swift */ = {isa = PBXFileReference; lastKnownFileType = sourcecode.swift; path = SettingPage.swift; sourceTree = "<group>"; };
		35339BFD28CE6D0100F72A87 /* DentistryTableView.swift */ = {isa = PBXFileReference; lastKnownFileType = sourcecode.swift; path = DentistryTableView.swift; sourceTree = "<group>"; };
		35339C0028CE6F4500F72A87 /* DentistryTVCell.swift */ = {isa = PBXFileReference; lastKnownFileType = sourcecode.swift; path = DentistryTVCell.swift; sourceTree = "<group>"; };
		35339C0228CE92C600F72A87 /* NephrologyTableView.swift */ = {isa = PBXFileReference; lastKnownFileType = sourcecode.swift; path = NephrologyTableView.swift; sourceTree = "<group>"; };
		35339C0428CE93BC00F72A87 /* NerphologyTVCell.swift */ = {isa = PBXFileReference; lastKnownFileType = sourcecode.swift; path = NerphologyTVCell.swift; sourceTree = "<group>"; };
		35339C0628CEA04900F72A87 /* AppointmentTVCell.swift */ = {isa = PBXFileReference; lastKnownFileType = sourcecode.swift; path = AppointmentTVCell.swift; sourceTree = "<group>"; };
		35A2547B28B64E6A00C2FBB6 /* Clinica.app */ = {isa = PBXFileReference; explicitFileType = wrapper.application; includeInIndex = 0; path = Clinica.app; sourceTree = BUILT_PRODUCTS_DIR; };
		35A2547E28B64E6A00C2FBB6 /* AppDelegate.swift */ = {isa = PBXFileReference; lastKnownFileType = sourcecode.swift; path = AppDelegate.swift; sourceTree = "<group>"; };
		35A2548028B64E6A00C2FBB6 /* SceneDelegate.swift */ = {isa = PBXFileReference; lastKnownFileType = sourcecode.swift; path = SceneDelegate.swift; sourceTree = "<group>"; };
		35A2548228B64E6A00C2FBB6 /* ViewController.swift */ = {isa = PBXFileReference; lastKnownFileType = sourcecode.swift; path = ViewController.swift; sourceTree = "<group>"; };
		35A2548528B64E6A00C2FBB6 /* Base */ = {isa = PBXFileReference; lastKnownFileType = file.storyboard; name = Base; path = Base.lproj/Main.storyboard; sourceTree = "<group>"; };
		35A2548728B64E6B00C2FBB6 /* Assets.xcassets */ = {isa = PBXFileReference; lastKnownFileType = folder.assetcatalog; path = Assets.xcassets; sourceTree = "<group>"; };
		35A2548A28B64E6B00C2FBB6 /* Base */ = {isa = PBXFileReference; lastKnownFileType = file.storyboard; name = Base; path = Base.lproj/LaunchScreen.storyboard; sourceTree = "<group>"; };
		35A2548C28B64E6B00C2FBB6 /* Info.plist */ = {isa = PBXFileReference; lastKnownFileType = text.plist.xml; path = Info.plist; sourceTree = "<group>"; };
		35A2549228B6539400C2FBB6 /* HomePage.swift */ = {isa = PBXFileReference; lastKnownFileType = sourcecode.swift; path = HomePage.swift; sourceTree = "<group>"; };
		35A2549428B653C400C2FBB6 /* HealthCarePage.swift */ = {isa = PBXFileReference; lastKnownFileType = sourcecode.swift; path = HealthCarePage.swift; sourceTree = "<group>"; };
		35A2549628B653EA00C2FBB6 /* AppointmentsPage.swift */ = {isa = PBXFileReference; lastKnownFileType = sourcecode.swift; path = AppointmentsPage.swift; sourceTree = "<group>"; };
		35A2549828B6540D00C2FBB6 /* FavoritesPage.swift */ = {isa = PBXFileReference; lastKnownFileType = sourcecode.swift; path = FavoritesPage.swift; sourceTree = "<group>"; };
		35A2549A28B656C900C2FBB6 /* ClinicsCollectionViewCell.swift */ = {isa = PBXFileReference; lastKnownFileType = sourcecode.swift; path = ClinicsCollectionViewCell.swift; sourceTree = "<group>"; };
		35A2549D28B78EBA00C2FBB6 /* ClinicsTableView.swift */ = {isa = PBXFileReference; lastKnownFileType = sourcecode.swift; path = ClinicsTableView.swift; sourceTree = "<group>"; };
		35A728FC28BBB97500A76795 /* ClinicsTableViewNew.swift */ = {isa = PBXFileReference; lastKnownFileType = sourcecode.swift; path = ClinicsTableViewNew.swift; sourceTree = "<group>"; };
		35A728FE28BBB9BC00A76795 /* ClinicsTableViewCellNew.swift */ = {isa = PBXFileReference; lastKnownFileType = sourcecode.swift; path = ClinicsTableViewCellNew.swift; sourceTree = "<group>"; };
		35A7290228BCF2A700A76795 /* TopCollectionViewCellHomePage.swift */ = {isa = PBXFileReference; lastKnownFileType = sourcecode.swift; path = TopCollectionViewCellHomePage.swift; sourceTree = "<group>"; };
		35A7290628BD326D00A76795 /* ClinicsCvHeader.swift */ = {isa = PBXFileReference; lastKnownFileType = sourcecode.swift; path = ClinicsCvHeader.swift; sourceTree = "<group>"; };
		35FDB8F628BE5C4F001F7231 /* MapVC.swift */ = {isa = PBXFileReference; lastKnownFileType = sourcecode.swift; path = MapVC.swift; sourceTree = "<group>"; };
/* End PBXFileReference section */

/* Begin PBXFrameworksBuildPhase section */
		35A2547828B64E6A00C2FBB6 /* Frameworks */ = {
			isa = PBXFrameworksBuildPhase;
			buildActionMask = 2147483647;
			files = (
				A8E0563F82F0F91D6B49BD96 /* Pods_Clinica.framework in Frameworks */,
			);
			runOnlyForDeploymentPostprocessing = 0;
		};
/* End PBXFrameworksBuildPhase section */

/* Begin PBXGroup section */
		2AC690AE61E6F9A9505DB7B7 /* Frameworks */ = {
			isa = PBXGroup;
			children = (
				157748DFA0AD46134DA0370D /* Pods_Clinica.framework */,
			);
			name = Frameworks;
			sourceTree = "<group>";
		};
		35339BFC28CA95E700F72A87 /* Sidemenu */ = {
			isa = PBXGroup;
			children = (
				35339BF228C8E51500F72A87 /* SideMenuTVCell.swift */,
				35339BF428C8F06400F72A87 /* ProfilePage.swift */,
				35339BFA28CA4B8500F72A87 /* SettingPage.swift */,
			);
			path = Sidemenu;
			sourceTree = "<group>";
		};
		35339BFF28CE6D2300F72A87 /* TableViews */ = {
			isa = PBXGroup;
			children = (
				35A728FC28BBB97500A76795 /* ClinicsTableViewNew.swift */,
				35A728FE28BBB9BC00A76795 /* ClinicsTableViewCellNew.swift */,
				35339BFD28CE6D0100F72A87 /* DentistryTableView.swift */,
				35339C0028CE6F4500F72A87 /* DentistryTVCell.swift */,
				35339C0228CE92C600F72A87 /* NephrologyTableView.swift */,
				35339C0428CE93BC00F72A87 /* NerphologyTVCell.swift */,
			);
			path = TableViews;
			sourceTree = "<group>";
		};
		35A2547228B64E6A00C2FBB6 = {
			isa = PBXGroup;
			children = (
				35FDB8F628BE5C4F001F7231 /* MapVC.swift */,
				35A2547D28B64E6A00C2FBB6 /* Clinica */,
				35A2547C28B64E6A00C2FBB6 /* Products */,
				7F4B5DA26A9D378694192D3A /* Pods */,
				2AC690AE61E6F9A9505DB7B7 /* Frameworks */,
			);
			sourceTree = "<group>";
		};
		35A2547C28B64E6A00C2FBB6 /* Products */ = {
			isa = PBXGroup;
			children = (
				35A2547B28B64E6A00C2FBB6 /* Clinica.app */,
			);
			name = Products;
			sourceTree = "<group>";
		};
		35A2547D28B64E6A00C2FBB6 /* Clinica */ = {
			isa = PBXGroup;
			children = (
				35339BFF28CE6D2300F72A87 /* TableViews */,
				35339BFC28CA95E700F72A87 /* Sidemenu */,
				35339BE628C7E22E00F72A87 /* Helpers */,
				35339BE828C7E23C00F72A87 /* Utilities.swift */,
				35339BEA28C7E24400F72A87 /* Constants.swift */,
				35A2549C28B78A1A00C2FBB6 /* Views */,
				35A2547E28B64E6A00C2FBB6 /* AppDelegate.swift */,
				35A2548028B64E6A00C2FBB6 /* SceneDelegate.swift */,
				35A2548428B64E6A00C2FBB6 /* Main.storyboard */,
				35339BF628C91C1C00F72A87 /* BookingAppointmentsPage.swift */,
				35339BF828CA3C0F00F72A87 /* users.swift */,
				35339BF028C8036400F72A87 /* HomeTabBar.swift */,
				35A7290628BD326D00A76795 /* ClinicsCvHeader.swift */,
				35A7290228BCF2A700A76795 /* TopCollectionViewCellHomePage.swift */,
				35A2548728B64E6B00C2FBB6 /* Assets.xcassets */,
				35A2548928B64E6B00C2FBB6 /* LaunchScreen.storyboard */,
				35339BEE28C8005F00F72A87 /* GoogleService-Info.plist */,
				35A2548C28B64E6B00C2FBB6 /* Info.plist */,
			);
			path = Clinica;
			sourceTree = "<group>";
		};
		35A2549C28B78A1A00C2FBB6 /* Views */ = {
			isa = PBXGroup;
			children = (
				35A2549D28B78EBA00C2FBB6 /* ClinicsTableView.swift */,
				35A2549A28B656C900C2FBB6 /* ClinicsCollectionViewCell.swift */,
				35A2549228B6539400C2FBB6 /* HomePage.swift */,
				35A2549628B653EA00C2FBB6 /* AppointmentsPage.swift */,
				35339C0628CEA04900F72A87 /* AppointmentTVCell.swift */,
				35A2549828B6540D00C2FBB6 /* FavoritesPage.swift */,
				35A2549428B653C400C2FBB6 /* HealthCarePage.swift */,
				35A2548228B64E6A00C2FBB6 /* ViewController.swift */,
				35339BEC28C7EC6900F72A87 /* LoginSignUpPage.swift */,
				35339BE428C7DCCA00F72A87 /* SignUpPage.swift */,
			);
			path = Views;
			sourceTree = "<group>";
		};
		7F4B5DA26A9D378694192D3A /* Pods */ = {
			isa = PBXGroup;
			children = (
				2A66828FCC93048D5B5B1FE6 /* Pods-Clinica.debug.xcconfig */,
				27B1C4CC7C0D8EAEFFFBF8CC /* Pods-Clinica.release.xcconfig */,
			);
			path = Pods;
			sourceTree = "<group>";
		};
/* End PBXGroup section */

/* Begin PBXNativeTarget section */
		35A2547A28B64E6A00C2FBB6 /* Clinica */ = {
			isa = PBXNativeTarget;
			buildConfigurationList = 35A2548F28B64E6B00C2FBB6 /* Build configuration list for PBXNativeTarget "Clinica" */;
			buildPhases = (
				E3B808F9014CC8A4F84F5374 /* [CP] Check Pods Manifest.lock */,
				35A2547728B64E6A00C2FBB6 /* Sources */,
				35A2547828B64E6A00C2FBB6 /* Frameworks */,
				35A2547928B64E6A00C2FBB6 /* Resources */,
				67D23894185806BBE5F30AC3 /* [CP] Embed Pods Frameworks */,
			);
			buildRules = (
			);
			dependencies = (
			);
			name = Clinica;
			productName = Clinica;
			productReference = 35A2547B28B64E6A00C2FBB6 /* Clinica.app */;
			productType = "com.apple.product-type.application";
		};
/* End PBXNativeTarget section */

/* Begin PBXProject section */
		35A2547328B64E6A00C2FBB6 /* Project object */ = {
			isa = PBXProject;
			attributes = {
				LastSwiftUpdateCheck = 1130;
				LastUpgradeCheck = 1130;
				ORGANIZATIONNAME = HTU;
				TargetAttributes = {
					35A2547A28B64E6A00C2FBB6 = {
						CreatedOnToolsVersion = 11.3.1;
					};
				};
			};
			buildConfigurationList = 35A2547628B64E6A00C2FBB6 /* Build configuration list for PBXProject "Clinica" */;
			compatibilityVersion = "Xcode 9.3";
			developmentRegion = en;
			hasScannedForEncodings = 0;
			knownRegions = (
				en,
				Base,
			);
			mainGroup = 35A2547228B64E6A00C2FBB6;
			productRefGroup = 35A2547C28B64E6A00C2FBB6 /* Products */;
			projectDirPath = "";
			projectRoot = "";
			targets = (
				35A2547A28B64E6A00C2FBB6 /* Clinica */,
			);
		};
/* End PBXProject section */

/* Begin PBXResourcesBuildPhase section */
		35A2547928B64E6A00C2FBB6 /* Resources */ = {
			isa = PBXResourcesBuildPhase;
			buildActionMask = 2147483647;
			files = (
				35A2548B28B64E6B00C2FBB6 /* LaunchScreen.storyboard in Resources */,
				35A2548828B64E6B00C2FBB6 /* Assets.xcassets in Resources */,
				35339BEF28C8005F00F72A87 /* GoogleService-Info.plist in Resources */,
				35A2548628B64E6A00C2FBB6 /* Main.storyboard in Resources */,
				35339BE728C7E22E00F72A87 /* Helpers in Resources */,
			);
			runOnlyForDeploymentPostprocessing = 0;
		};
/* End PBXResourcesBuildPhase section */

/* Begin PBXShellScriptBuildPhase section */
		67D23894185806BBE5F30AC3 /* [CP] Embed Pods Frameworks */ = {
			isa = PBXShellScriptBuildPhase;
			buildActionMask = 2147483647;
			files = (
			);
			inputFileListPaths = (
				"${PODS_ROOT}/Target Support Files/Pods-Clinica/Pods-Clinica-frameworks-${CONFIGURATION}-input-files.xcfilelist",
			);
			name = "[CP] Embed Pods Frameworks";
			outputFileListPaths = (
				"${PODS_ROOT}/Target Support Files/Pods-Clinica/Pods-Clinica-frameworks-${CONFIGURATION}-output-files.xcfilelist",
			);
			runOnlyForDeploymentPostprocessing = 0;
			shellPath = /bin/sh;
			shellScript = "\"${PODS_ROOT}/Target Support Files/Pods-Clinica/Pods-Clinica-frameworks.sh\"\n";
			showEnvVarsInLog = 0;
		};
		E3B808F9014CC8A4F84F5374 /* [CP] Check Pods Manifest.lock */ = {
			isa = PBXShellScriptBuildPhase;
			buildActionMask = 2147483647;
			files = (
			);
			inputFileListPaths = (
			);
			inputPaths = (
				"${PODS_PODFILE_DIR_PATH}/Podfile.lock",
				"${PODS_ROOT}/Manifest.lock",
			);
			name = "[CP] Check Pods Manifest.lock";
			outputFileListPaths = (
			);
			outputPaths = (
				"$(DERIVED_FILE_DIR)/Pods-Clinica-checkManifestLockResult.txt",
			);
			runOnlyForDeploymentPostprocessing = 0;
			shellPath = /bin/sh;
			shellScript = "diff \"${PODS_PODFILE_DIR_PATH}/Podfile.lock\" \"${PODS_ROOT}/Manifest.lock\" > /dev/null\nif [ $? != 0 ] ; then\n    # print error to STDERR\n    echo \"error: The sandbox is not in sync with the Podfile.lock. Run 'pod install' or update your CocoaPods installation.\" >&2\n    exit 1\nfi\n# This output is used by Xcode 'outputs' to avoid re-running this script phase.\necho \"SUCCESS\" > \"${SCRIPT_OUTPUT_FILE_0}\"\n";
			showEnvVarsInLog = 0;
		};
/* End PBXShellScriptBuildPhase section */

/* Begin PBXSourcesBuildPhase section */
		35A2547728B64E6A00C2FBB6 /* Sources */ = {
			isa = PBXSourcesBuildPhase;
			buildActionMask = 2147483647;
			files = (
				35339C0128CE6F4500F72A87 /* DentistryTVCell.swift in Sources */,
				35A2549E28B78EBA00C2FBB6 /* ClinicsTableView.swift in Sources */,
				35339BEB28C7E24400F72A87 /* Constants.swift in Sources */,
				35A2548328B64E6A00C2FBB6 /* ViewController.swift in Sources */,
				35339BF528C8F06400F72A87 /* ProfilePage.swift in Sources */,
				35339BF328C8E51600F72A87 /* SideMenuTVCell.swift in Sources */,
				35339C0728CEA04900F72A87 /* AppointmentTVCell.swift in Sources */,
				35A7290328BCF2A700A76795 /* TopCollectionViewCellHomePage.swift in Sources */,
				35A7290728BD326D00A76795 /* ClinicsCvHeader.swift in Sources */,
				35A2549528B653C400C2FBB6 /* HealthCarePage.swift in Sources */,
				35A2549928B6540D00C2FBB6 /* FavoritesPage.swift in Sources */,
				35339BF128C8036400F72A87 /* HomeTabBar.swift in Sources */,
				35339C0328CE92C600F72A87 /* NephrologyTableView.swift in Sources */,
				35339BE928C7E23C00F72A87 /* Utilities.swift in Sources */,
				35339BE528C7DCCB00F72A87 /* SignUpPage.swift in Sources */,
				35339BF728C91C1E00F72A87 /* BookingAppointmentsPage.swift in Sources */,
				35A728FD28BBB97500A76795 /* ClinicsTableViewNew.swift in Sources */,
				35A2547F28B64E6A00C2FBB6 /* AppDelegate.swift in Sources */,
				35A728FF28BBB9BC00A76795 /* ClinicsTableViewCellNew.swift in Sources */,
				35A2548128B64E6A00C2FBB6 /* SceneDelegate.swift in Sources */,
				35A2549728B653EA00C2FBB6 /* AppointmentsPage.swift in Sources */,
				35FDB8F728BE5C4F001F7231 /* MapVC.swift in Sources */,
				35A2549B28B656C900C2FBB6 /* ClinicsCollectionViewCell.swift in Sources */,
				35339C0528CE93BC00F72A87 /* NerphologyTVCell.swift in Sources */,
				35339BF928CA3C0F00F72A87 /* users.swift in Sources */,
				35339BFE28CE6D0100F72A87 /* DentistryTableView.swift in Sources */,
				35339BED28C7EC6900F72A87 /* LoginSignUpPage.swift in Sources */,
				35A2549328B6539400C2FBB6 /* HomePage.swift in Sources */,
				35339BFB28CA4B8500F72A87 /* SettingPage.swift in Sources */,
			);
			runOnlyForDeploymentPostprocessing = 0;
		};
/* End PBXSourcesBuildPhase section */

/* Begin PBXVariantGroup section */
		35A2548428B64E6A00C2FBB6 /* Main.storyboard */ = {
			isa = PBXVariantGroup;
			children = (
				35A2548528B64E6A00C2FBB6 /* Base */,
			);
			name = Main.storyboard;
			sourceTree = "<group>";
		};
		35A2548928B64E6B00C2FBB6 /* LaunchScreen.storyboard */ = {
			isa = PBXVariantGroup;
			children = (
				35A2548A28B64E6B00C2FBB6 /* Base */,
			);
			name = LaunchScreen.storyboard;
			sourceTree = "<group>";
		};
/* End PBXVariantGroup section */

/* Begin XCBuildConfiguration section */
		35A2548D28B64E6B00C2FBB6 /* Debug */ = {
			isa = XCBuildConfiguration;
			buildSettings = {
				ALWAYS_SEARCH_USER_PATHS = NO;
				CLANG_ANALYZER_NONNULL = YES;
				CLANG_ANALYZER_NUMBER_OBJECT_CONVERSION = YES_AGGRESSIVE;
				CLANG_CXX_LANGUAGE_STANDARD = "gnu++14";
				CLANG_CXX_LIBRARY = "libc++";
				CLANG_ENABLE_MODULES = YES;
				CLANG_ENABLE_OBJC_ARC = YES;
				CLANG_ENABLE_OBJC_WEAK = YES;
				CLANG_WARN_BLOCK_CAPTURE_AUTORELEASING = YES;
				CLANG_WARN_BOOL_CONVERSION = YES;
				CLANG_WARN_COMMA = YES;
				CLANG_WARN_CONSTANT_CONVERSION = YES;
				CLANG_WARN_DEPRECATED_OBJC_IMPLEMENTATIONS = YES;
				CLANG_WARN_DIRECT_OBJC_ISA_USAGE = YES_ERROR;
				CLANG_WARN_DOCUMENTATION_COMMENTS = YES;
				CLANG_WARN_EMPTY_BODY = YES;
				CLANG_WARN_ENUM_CONVERSION = YES;
				CLANG_WARN_INFINITE_RECURSION = YES;
				CLANG_WARN_INT_CONVERSION = YES;
				CLANG_WARN_NON_LITERAL_NULL_CONVERSION = YES;
				CLANG_WARN_OBJC_IMPLICIT_RETAIN_SELF = YES;
				CLANG_WARN_OBJC_LITERAL_CONVERSION = YES;
				CLANG_WARN_OBJC_ROOT_CLASS = YES_ERROR;
				CLANG_WARN_RANGE_LOOP_ANALYSIS = YES;
				CLANG_WARN_STRICT_PROTOTYPES = YES;
				CLANG_WARN_SUSPICIOUS_MOVE = YES;
				CLANG_WARN_UNGUARDED_AVAILABILITY = YES_AGGRESSIVE;
				CLANG_WARN_UNREACHABLE_CODE = YES;
				CLANG_WARN__DUPLICATE_METHOD_MATCH = YES;
				COPY_PHASE_STRIP = NO;
				DEBUG_INFORMATION_FORMAT = dwarf;
				ENABLE_STRICT_OBJC_MSGSEND = YES;
				ENABLE_TESTABILITY = YES;
				GCC_C_LANGUAGE_STANDARD = gnu11;
				GCC_DYNAMIC_NO_PIC = NO;
				GCC_NO_COMMON_BLOCKS = YES;
				GCC_OPTIMIZATION_LEVEL = 0;
				GCC_PREPROCESSOR_DEFINITIONS = (
					"DEBUG=1",
					"$(inherited)",
				);
				GCC_WARN_64_TO_32_BIT_CONVERSION = YES;
				GCC_WARN_ABOUT_RETURN_TYPE = YES_ERROR;
				GCC_WARN_UNDECLARED_SELECTOR = YES;
				GCC_WARN_UNINITIALIZED_AUTOS = YES_AGGRESSIVE;
				GCC_WARN_UNUSED_FUNCTION = YES;
				GCC_WARN_UNUSED_VARIABLE = YES;
				IPHONEOS_DEPLOYMENT_TARGET = 13.2;
				MTL_ENABLE_DEBUG_INFO = INCLUDE_SOURCE;
				MTL_FAST_MATH = YES;
				ONLY_ACTIVE_ARCH = YES;
				SDKROOT = iphoneos;
				SWIFT_ACTIVE_COMPILATION_CONDITIONS = DEBUG;
				SWIFT_OPTIMIZATION_LEVEL = "-Onone";
			};
			name = Debug;
		};
		35A2548E28B64E6B00C2FBB6 /* Release */ = {
			isa = XCBuildConfiguration;
			buildSettings = {
				ALWAYS_SEARCH_USER_PATHS = NO;
				CLANG_ANALYZER_NONNULL = YES;
				CLANG_ANALYZER_NUMBER_OBJECT_CONVERSION = YES_AGGRESSIVE;
				CLANG_CXX_LANGUAGE_STANDARD = "gnu++14";
				CLANG_CXX_LIBRARY = "libc++";
				CLANG_ENABLE_MODULES = YES;
				CLANG_ENABLE_OBJC_ARC = YES;
				CLANG_ENABLE_OBJC_WEAK = YES;
				CLANG_WARN_BLOCK_CAPTURE_AUTORELEASING = YES;
				CLANG_WARN_BOOL_CONVERSION = YES;
				CLANG_WARN_COMMA = YES;
				CLANG_WARN_CONSTANT_CONVERSION = YES;
				CLANG_WARN_DEPRECATED_OBJC_IMPLEMENTATIONS = YES;
				CLANG_WARN_DIRECT_OBJC_ISA_USAGE = YES_ERROR;
				CLANG_WARN_DOCUMENTATION_COMMENTS = YES;
				CLANG_WARN_EMPTY_BODY = YES;
				CLANG_WARN_ENUM_CONVERSION = YES;
				CLANG_WARN_INFINITE_RECURSION = YES;
				CLANG_WARN_INT_CONVERSION = YES;
				CLANG_WARN_NON_LITERAL_NULL_CONVERSION = YES;
				CLANG_WARN_OBJC_IMPLICIT_RETAIN_SELF = YES;
				CLANG_WARN_OBJC_LITERAL_CONVERSION = YES;
				CLANG_WARN_OBJC_ROOT_CLASS = YES_ERROR;
				CLANG_WARN_RANGE_LOOP_ANALYSIS = YES;
				CLANG_WARN_STRICT_PROTOTYPES = YES;
				CLANG_WARN_SUSPICIOUS_MOVE = YES;
				CLANG_WARN_UNGUARDED_AVAILABILITY = YES_AGGRESSIVE;
				CLANG_WARN_UNREACHABLE_CODE = YES;
				CLANG_WARN__DUPLICATE_METHOD_MATCH = YES;
				COPY_PHASE_STRIP = NO;
				DEBUG_INFORMATION_FORMAT = "dwarf-with-dsym";
				ENABLE_NS_ASSERTIONS = NO;
				ENABLE_STRICT_OBJC_MSGSEND = YES;
				GCC_C_LANGUAGE_STANDARD = gnu11;
				GCC_NO_COMMON_BLOCKS = YES;
				GCC_WARN_64_TO_32_BIT_CONVERSION = YES;
				GCC_WARN_ABOUT_RETURN_TYPE = YES_ERROR;
				GCC_WARN_UNDECLARED_SELECTOR = YES;
				GCC_WARN_UNINITIALIZED_AUTOS = YES_AGGRESSIVE;
				GCC_WARN_UNUSED_FUNCTION = YES;
				GCC_WARN_UNUSED_VARIABLE = YES;
				IPHONEOS_DEPLOYMENT_TARGET = 13.2;
				MTL_ENABLE_DEBUG_INFO = NO;
				MTL_FAST_MATH = YES;
				SDKROOT = iphoneos;
				SWIFT_COMPILATION_MODE = wholemodule;
				SWIFT_OPTIMIZATION_LEVEL = "-O";
				VALIDATE_PRODUCT = YES;
			};
			name = Release;
		};
		35A2549028B64E6B00C2FBB6 /* Debug */ = {
			isa = XCBuildConfiguration;
			baseConfigurationReference = 2A66828FCC93048D5B5B1FE6 /* Pods-Clinica.debug.xcconfig */;
			buildSettings = {
				ASSETCATALOG_COMPILER_APPICON_NAME = AppIcon;
				CODE_SIGN_STYLE = Automatic;
				INFOPLIST_FILE = Clinica/Info.plist;
				LD_RUNPATH_SEARCH_PATHS = (
					"$(inherited)",
					"@executable_path/Frameworks",
				);
				PRODUCT_BUNDLE_IDENTIFIER = com.moath.Clinica;
				PRODUCT_NAME = "$(TARGET_NAME)";
				SWIFT_VERSION = 5.0;
				TARGETED_DEVICE_FAMILY = "1,2";
			};
			name = Debug;
		};
		35A2549128B64E6B00C2FBB6 /* Release */ = {
			isa = XCBuildConfiguration;
			baseConfigurationReference = 27B1C4CC7C0D8EAEFFFBF8CC /* Pods-Clinica.release.xcconfig */;
			buildSettings = {
				ASSETCATALOG_COMPILER_APPICON_NAME = AppIcon;
				CODE_SIGN_STYLE = Automatic;
				INFOPLIST_FILE = Clinica/Info.plist;
				LD_RUNPATH_SEARCH_PATHS = (
					"$(inherited)",
					"@executable_path/Frameworks",
				);
				PRODUCT_BUNDLE_IDENTIFIER = com.moath.Clinica;
				PRODUCT_NAME = "$(TARGET_NAME)";
				SWIFT_VERSION = 5.0;
				TARGETED_DEVICE_FAMILY = "1,2";
			};
			name = Release;
		};
/* End XCBuildConfiguration section */

/* Begin XCConfigurationList section */
		35A2547628B64E6A00C2FBB6 /* Build configuration list for PBXProject "Clinica" */ = {
			isa = XCConfigurationList;
			buildConfigurations = (
				35A2548D28B64E6B00C2FBB6 /* Debug */,
				35A2548E28B64E6B00C2FBB6 /* Release */,
			);
			defaultConfigurationIsVisible = 0;
			defaultConfigurationName = Release;
		};
		35A2548F28B64E6B00C2FBB6 /* Build configuration list for PBXNativeTarget "Clinica" */ = {
			isa = XCConfigurationList;
			buildConfigurations = (
				35A2549028B64E6B00C2FBB6 /* Debug */,
				35A2549128B64E6B00C2FBB6 /* Release */,
			);
			defaultConfigurationIsVisible = 0;
			defaultConfigurationName = Release;
		};
/* End XCConfigurationList section */
	};
	rootObject = 35A2547328B64E6A00C2FBB6 /* Project object */;
}
